{
  "name": "wordle-score-escrow",
  "version": "0.0.0",
  "lockfileVersion": 3,
  "requires": true,
  "packages": {
    "": {
      "name": "wordle-score-escrow",
      "version": "0.0.0",
      "dependencies": {
        "@google/genai": "^1.27.0",
        "firebase": "^10.12.2",
        "nanoid": "^5.0.7",
        "react": "^18.3.1",
        "react-dom": "^18.3.1",
        "react-router-dom": "^6.23.1",
        "recharts": "^2.12.7"
      },
      "devDependencies": {
        "@netlify/functions": "^2.7.0",
        "@netlify/plugin-secrets-scan": "^1.4.0",
        "@types/react": "^18.3.3",
        "@types/react-dom": "^18.3.0",
        "@vitejs/plugin-react": "^4.3.1",
        "autoprefixer": "^10.4.19",
        "postcss": "^8.4.38",
        "tailwindcss": "^3.4.4",
        "typescript": "^5.4.5",
        "vite": "^4.5.3"
      }
    },
    "node_modules/@babel/runtime": {
      "version": "7.24.7",
      "resolved": "https://registry.npmjs.org/@babel/runtime/-/runtime-7.24.7.tgz",
      "integrity": "sha512-U6sfr6acE3f9ETi4Pa352HwRb7bCmnuy5ot888XnZAbT1uScmAP38kiORG0GtL2xP5Tf2T2oTwH6gK0gCSoqJg==",
      "dependencies": {
        "regenerator-runtime": "^0.14.0"
      },
      "engines": {
        "node": ">=6.9.0"
      }
    },
    "node_modules/@google/genai": {
      "version": "1.27.0",
      "resolved": "https://registry.npmjs.org/@google/genai/-/genai-1.27.0.tgz",
      "integrity": "sha512-Y7xGj0M9i2kEItR+84A0Lz1kEGRjU7JgD7fJvQhR8933j2+j9qNq+A/eUa3CgOq4eW/X7X+w2v0XqA=="
    },
    "node_modules/@netlify/functions": {
      "version": "2.7.0",
      "resolved": "https://registry.npmjs.org/@netlify/functions/-/functions-2.7.0.tgz",
      "integrity": "sha512-eWJg58kCns2KUX+8vQ8wS6tL/v1R8M9aD7Lz/D4V2e8+iK0xQqkZgU1wO8B+I/hGj9e4+5kG3C1uA==",
      "dev": true
    },
    "node_modules/@netlify/plugin-secrets-scan": {
      "version": "1.4.0",
      "resolved": "https://registry.npmjs.org/@netlify/plugin-secrets-scan/-/plugin-secrets-scan-1.4.0.tgz",
      "integrity": "sha512-h41ep0n+m4Czxw8wJd7L0T6j9YcLeT0L6R+crjgjQO4aUf2W7JujN2wB+Z2L1y1A7q/XN1fX+tX+f3y0g==",
      "dev": true
    },
    "node_modules/@remix-run/router": {
      "version": "1.16.1",
      "resolved": "https://registry.npmjs.org/@remix-run/router/-/router-1.16.1.tgz",
      "integrity": "sha512-Z59wdeOv3tC8q2x80z2Fv9y9H2T2Krd5s3Wp33/j2W3T432k39IujrXG8nB2+aXvjflI69hoJ22uQ==",
      "engines": {
        "node": ">=14.0.0"
      }
    },
    "node_modules/@types/prop-types": {
      "version": "15.7.12",
      "resolved": "https://registry.npmjs.org/@types/prop-types/-/prop-types-15.7.12.tgz",
      "integrity": "sha512-5zvhXYS3icfNlvmqI0252b3IHfyJgI93aAGE8Nqu5s82Oth3lQhG07L4nBfAZ1Itr3h4k1i5hS0tEa2QvsxP+w==",
      "dev": true
    },
    "node_modules/@types/react": {
      "version": "18.3.3",
      "resolved": "https://registry.npmjs.org/@types/react/-/react-18.3.3.tgz",
      "integrity": "sha512-hti/R0pS0q1/cpxhi1sSlP+US50sy+3x+b7w77dWIpe5Py2MR/rq5GgI9VL+m/T2cyDk25AF3X3InoYwgm3Vaw==",
      "dev": true,
      "dependencies": {
        "@types/prop-types": "*",
        "csstype": "^3.0.2"
      }
    },
    "node_modules/@types/react-dom": {
      "version": "18.3.0",
      "resolved": "https://registry.npmjs.org/@types/react-dom/-/react-dom-18.3.0.tgz",
      "integrity": "sha512-EhwApuTmMBm4rSY2qt6d2d31E+1I9X2U2isPs91n2HTn2vQnRa59/m1i3K2b8x4v27Bg25Fh2z2/g3t1T3SrqQ==",
      "dev": true,
      "dependencies": {
        "@types/react": "*"
      }
    },
    "node_modules/@vitejs/plugin-react": {
      "version": "4.3.1",
      "resolved": "https://registry.npmjs.org/@vitejs/plugin-react/-/plugin-react-4.3.1.tgz",
      "integrity": "sha512-s4uHmMk1MTm1+7/b1y2X3g2bE6o676e27s1vYmIPyUxE+4B44N+c52h28tJ/cO2L5hW7aB2Wbq4bX2g==",
      "dev": true,
      "peerDependencies": {
        "react": "^16.8.0 || ^17.0.0 || ^18.0.0",
        "react-dom": "^16.8.0 || ^17.0.0 || ^18.0.0",
        "vite": "^4.0.0 || ^5.0.0"
      }
    },
    "node_modules/autoprefixer": {
      "version": "10.4.19",
      "resolved": "https://registry.npmjs.org/autoprefixer/-/autoprefixer-10.4.19.tgz",
      "integrity": "sha512-o/gSR6S8o23+/3mF660Yn5BdnB9TTy5W3uGH+Nx3F7CBU6g0wOFAhKCS0z/As3m8EYv84pM2y8e46YmsrkhCew==",
      "dev": true,
      "dependencies": {
        "picocolors": "^1.0.0",
        "postcss": "^8.4.39"
      },
      "bin": {
        "autoprefixer": "bin/autoprefixer"
      },
      "engines": {
        "node": "^10 || ^12 || >=14"
      }
    },
    "node_modules/csstype": {
      "version": "3.1.3",
      "resolved": "https://registry.npmjs.org/csstype/-/csstype-3.1.3.tgz",
      "integrity": "sha512-M1uQkMl8rQK/5bV0AhCPLi7QdfgJPC3AoOKbA1wY80Sy529WflUWeGk63jFDdEcG7grjMAg1etCxqgCiWo4L1A==",
      "dev": true
    },
    "node_modules/d3-array": {
      "version": "3.2.4",
      "resolved": "https://registry.npmjs.org/d3-array/-/d3-array-3.2.4.tgz",
      "integrity": "sha512-Nso7vN5rECpdMXzWmx+Tz4w8QxICL2B0j23gGHy33mMDj+hZXhA5Y0YhT9dWyvjGN33a2y4a2i6x2Wfe4pTsNg==",
      "dependencies": {
        "internmap": "2"
      }
    },
    "node_modules/d3-format": {
      "version": "3.1.0",
      "resolved": "https://registry.npmjs.org/d3-format/-/d3-format-3.1.0.tgz",
      "integrity": "sha512-03VI/pIxtDBs/k/35/+vgfm2gu5Y32EC9y3N4y9VeGgMh/PqY345zXw35IejJp/UGD4bQ1tNO3u26x2/a3xYvg=="
    },
    "node_modules/d3-interpolate": {
      "version": "3.0.1",
      "resolved": "https://registry.npmjs.org/d3-interpolate/-/d3-interpolate-3.0.1.tgz",
      "integrity": "sha512-UK2+cMyCfnS2MDq0Rj2Bi8HhfrqWBxVpXkI2e2l6a3I4f494yLX4GKxpyA9Wki2be4AXiNp1m4aIqQ2w0b7sSA=="
    },
    "node_modules/d3-path": {
      "version": "3.1.0",
      "resolved": "https://registry.npmjs.org/d3-path/-/d3-path-3.1.0.tgz",
      "integrity": "sha512-n3bTTGf/aM5mMczuOU9z9mBYqYmqs/f8GVUu9TBAp5y2n0/pT2o4EGlq/3SC57eD1naAtbCjLw8j6v3/tWwKmA=="
    },
    "node_modules/d3-scale": {
      "version": "4.0.2",
      "resolved": "https://registry.npmjs.org/d3-scale/-/d3-scale-4.0.2.tgz",
      "integrity": "sha512-E00cZGSHj1UUuB+p+yv5rQ46nHbRd2o2HGsVLG60LJNLp01i2iF+nI2L4pPci3y0rS6+oKz/4kG162MFA/dSHw==",
      "dependencies": {
        "d3-array": "^3.0.1",
        "d3-format": "^3.0.1",
        "d3-interpolate": "^3.0.1",
        "d3-time": "^3.0.0",
        "d3-time-format": "^4.0.0"
      }
    },
    "node_modules/d3-shape": {
      "version": "3.2.0",
      "resolved": "https://registry.npmjs.org/d3-shape/-/d3-shape-3.2.0.tgz",
      "integrity": "sha512-h/f2OHSk+7jals4aHkf5G3ddJ4k4r9TThE0Py3s37NGu0f4EahLs1D64e+eNq2VXO409/x4gVdo1s01FtvxI5g==",
      "dependencies": {
        "d3-path": "^3.0.1"
      }
    },
    "node_modules/d3-time": {
      "version": "3.1.0",
      "resolved": "https://registry.npmjs.org/d3-time/-/d3-time-3.1.0.tgz",
      "integrity": "sha512-T/F8gALEDk5M2FFt4ho3PxaWb4JkI8S70P1MG+221PZ2GxtzBL48rI4/kI32m4xIeJ1e8h2vFbE83vKE38x5w=="
    },
    "node_modules/d3-time-format": {
      "version": "4.1.0",
      "resolved": "https://registry.npmjs.org/d3-time-format/-/d3-time-format-4.1.0.tgz",
      "integrity": "sha512-A3Oo1CfQ2S34/xrdI9k5Ims1xtQl0DOyQ2peNPE+A2LFyUVPbavjf3YvQnNqfYtVzYQ8oJz8eA85tLg4nN+fAg=="
    },
    "node_modules/firebase": {
      "version": "10.12.2",
      "resolved": "https://registry.npmjs.org/firebase/-/firebase-10.12.2.tgz",
      "integrity": "sha512-pL8GeyxmC4i4+6POEx/9lXvLA8nQj0Yp3p34Kgd5P7Q4b/m839b2yw1i/aG4Z3Y41w2lqS2Y/8t2BfA1k8tZlg=="
    },
    "node_modules/internmap": {
      "version": "2.0.3",
      "resolved": "https://registry.npmjs.org/internmap/-/internmap-2.0.3.tgz",
      "integrity": "sha512-5HhynCS0+Oegs4M12oSh41x1z0yI32Rgk2u2iZgcgI/41KRS3y225g2tRb2s43xsc44sV5hy43m3sU24yvg1/g=="
    },
    "node_modules/js-tokens": {
      "version": "4.0.0",
      "resolved": "https://registry.npmjs.org/js-tokens/-/js-tokens-4.0.0.tgz",
      "integrity": "sha512-RdJUflcE3cUzKiMqQgsCu06FPu9UdIJO0beYbPhHN4k6apgJtifcoCtT9bcxOpYBtpD2kCM6Sbzg4CausW/PKQ=="
    },
    "node_modules/loose-envify": {
      "version": "1.4.0",
      "resolved": "https://registry.npmjs.org/loose-envify/-/loose-envify-1.4.0.tgz",
      "integrity": "sha512-lyuxPGr/Wfhrlem2CL/UcnUc1zcqKAImBDzukY7Y5F/yQiNdko6+fRLevlw1HgMySw7f611UIY408EtxRSoK3Q==",
      "dependencies": {
        "js-tokens": "^3.0.0 || ^4.0.0"
      },
      "bin": {
        "loose-envify": "cli.js"
      }
    },
    "node_modules/nanoid": {
      "version": "5.0.7",
      "resolved": "https://registry.npmjs.org/nanoid/-/nanoid-5.0.7.tgz",
      "integrity": "sha512-oFxqevUsY7f+5Iwr1CNpx08i/w2nN+8izJGm19oA3B3v2JqTz3f5zaWc5GlSh2Q2y/3D/mI/16wzpHNO6uXIdw==",
      "bin": {
        "nanoid": "bin/nanoid.js"
      },
      "engines": {
        "node": "^18 || >=20"
      }
    },
    "node_modules/picocolors": {
      "version": "1.0.1",
      "resolved": "https://registry.npmjs.org/picocolors/-/picocolors-1.0.1.tgz",
      "integrity": "sha512-anKzUhJqS2g2VmM6WeD0W2aKnj2xc2D2Jd2f44Kbhv/Qf2Qf224sDpdrrRKRw4jCRnwcBEnBwz252PSwKz7p5A==",
      "dev": true
    },
    "node_modules/postcss": {
      "version": "8.4.39",
      "resolved": "https://registry.npmjs.org/postcss/-/postcss-8.4.39.tgz",
      "integrity": "sha512-y28+d/1fTmW+1ltF04/LMpg3fP4Gtp42/eYVwpH1u2acw28YnSo9wL67+EKbQ2j27G//fvdxX2+I6iUvDPrTVw==",
      "dev": true,
      "dependencies": {
        "nanoid": "^3.3.7",
        "picocolors": "^1.0.0",
        "source-map-js": "^1.2.0"
      },
      "engines": {
        "node": "^10 || ^12 || >=14"
      }
    },
